
Microsoft Visual Studio Solution File, Format Version 12.00
# Visual Studio 15
VisualStudioVersion = 15.0.28010.2016
MinimumVisualStudioVersion = 10.0.40219.1
Project("{FAE04EC0-301F-11D3-BF4B-00C04F79EFBC}") = "Assignment1", "Assignment1\Assignment1.csproj", "{EABE9607-C36F-4493-BE21-B3852AA88405}"
EndProject
Global
	GlobalSection(SolutionConfigurationPlatforms) = preSolution
		Debug|Any CPU = Debug|Any CPU
		Release|Any CPU = Release|Any CPU
	EndGlobalSection
	GlobalSection(ProjectConfigurationPlatforms) = postSolution
		{EABE9607-C36F-4493-BE21-B3852AA88405}.Debug|Any CPU.ActiveCfg = Debug|Any CPU
		{EABE9607-C36F-4493-BE21-B3852AA88405}.Debug|Any CPU.Build.0 = Debug|Any CPU
		{EABE9607-C36F-4493-BE21-B3852AA88405}.Release|Any CPU.ActiveCfg = Release|Any CPU
		{EABE9607-C36F-4493-BE21-B3852AA88405}.Release|Any CPU.Build.0 = Release|Any CPU
	EndGlobalSection
	GlobalSection(SolutionProperties) = preSolution
		HideSolutionNode = FALSE
	EndGlobalSection
	GlobalSection(ExtensibilityGlobals) = postSolution
		SolutionGuid = {BD200590-B9DA-448A-8D94-A82E810A53A1}
	EndGlobalSection
EndGlobal
